name: Update Composer Lock

on:
  pull_request:
    paths:
      - 'composer.json'

jobs:
  update-lock:
    runs-on: ubuntu-latest
    
    steps:
      - uses: actions/checkout@v4
        with:
          token: ${{ secrets.GITHUB_TOKEN }}
          ref: ${{ github.head_ref }}
          
      - name: Setup PHP
        uses: shivammathur/setup-php@v2
        with:
          php-version: '8.3'
          
      - name: Update composer.lock
        run: composer update --no-scripts --no-install
        
      - name: Commit changes
        run: |
          git config --local user.email "action@github.com"
          git config --local user.name "GitHub Action"
          git add composer.lock
          git diff --staged --quiet || git commit -m "chore: Update composer.lock"
          
      - name: Push changes
        run: git push